
Microsoft Visual Studio Solution File, Format Version 12.00
# Visual Studio Version 17
VisualStudioVersion = 17.14.36518.9 d17.14
MinimumVisualStudioVersion = 10.0.40219.1
Project("{FAE04EC0-301F-11D3-BF4B-00C04F79EFBC}") = "DentalClinicManager", "DentalClinicManager\DentalClinicManager.csproj", "{883B9538-CAE2-4B8D-9555-0856E66F25BD}"
EndProject
Global
	GlobalSection(SolutionConfigurationPlatforms) = preSolution
		Debug|Any CPU = Debug|Any CPU
		Release|Any CPU = Release|Any CPU
	EndGlobalSection
	GlobalSection(ProjectConfigurationPlatforms) = postSolution
		{883B9538-CAE2-4B8D-9555-0856E66F25BD}.Debug|Any CPU.ActiveCfg = Debug|Any CPU
		{883B9538-CAE2-4B8D-9555-0856E66F25BD}.Debug|Any CPU.Build.0 = Debug|Any CPU
		{883B9538-CAE2-4B8D-9555-0856E66F25BD}.Release|Any CPU.ActiveCfg = Release|Any CPU
		{883B9538-CAE2-4B8D-9555-0856E66F25BD}.Release|Any CPU.Build.0 = Release|Any CPU
	EndGlobalSection
	GlobalSection(SolutionProperties) = preSolution
		HideSolutionNode = FALSE
	EndGlobalSection
	GlobalSection(ExtensibilityGlobals) = postSolution
		SolutionGuid = {31AA733E-3616-48C2-8608-A50F74D7E46D}
	EndGlobalSection
EndGlobal
